
Microsoft Visual Studio Solution File, Format Version 12.00
# Visual Studio 15
VisualStudioVersion = 15.0.28307.1082
MinimumVisualStudioVersion = 10.0.40219.1
Project("{FAE04EC0-301F-11D3-BF4B-00C04F79EFBC}") = "eShopSolution.WebApp", "eShopSolution.WebApp\eShopSolution.WebApp.csproj", "{9661EBC0-D281-46A1-9701-27675D801B43}"
EndProject
Project("{2150E333-8FDC-42A3-9474-1A3956D46DE8}") = "Solution Items", "Solution Items", "{846A3270-7DB1-48AE-9B1C-D6E06A78C6A7}"
	ProjectSection(SolutionItems) = preProject
		README.md = README.md
	EndProjectSection
EndProject
Global
	GlobalSection(SolutionConfigurationPlatforms) = preSolution
		Debug|Any CPU = Debug|Any CPU
		Release|Any CPU = Release|Any CPU
	EndGlobalSection
	GlobalSection(ProjectConfigurationPlatforms) = postSolution
		{9661EBC0-D281-46A1-9701-27675D801B43}.Debug|Any CPU.ActiveCfg = Debug|Any CPU
		{9661EBC0-D281-46A1-9701-27675D801B43}.Debug|Any CPU.Build.0 = Debug|Any CPU
		{9661EBC0-D281-46A1-9701-27675D801B43}.Release|Any CPU.ActiveCfg = Release|Any CPU
		{9661EBC0-D281-46A1-9701-27675D801B43}.Release|Any CPU.Build.0 = Release|Any CPU
	EndGlobalSection
	GlobalSection(SolutionProperties) = preSolution
		HideSolutionNode = FALSE
	EndGlobalSection
	GlobalSection(ExtensibilityGlobals) = postSolution
		SolutionGuid = {B9F88D13-B5E9-483F-BC04-ABD21E81454D}
	EndGlobalSection
EndGlobal
